// !$*UTF8*$!
{
	archiveVersion = 1;
	classes = {
	};
	objectVersion = 50;
	objects = {

/* Begin PBXBuildFile section */
		F6D53CCF264E3E6C00E16DC5 /* AppDelegate.swift in Sources */ = {isa = PBXBuildFile; fileRef = F6D53CCE264E3E6C00E16DC5 /* AppDelegate.swift */; };
		F6D53CD1264E3E6C00E16DC5 /* SceneDelegate.swift in Sources */ = {isa = PBXBuildFile; fileRef = F6D53CD0264E3E6C00E16DC5 /* SceneDelegate.swift */; };
		F6D53CD3264E3E6C00E16DC5 /* ViewController.swift in Sources */ = {isa = PBXBuildFile; fileRef = F6D53CD2264E3E6C00E16DC5 /* ViewController.swift */; };
		F6D53CD6264E3E6C00E16DC5 /* Main.storyboard in Resources */ = {isa = PBXBuildFile; fileRef = F6D53CD4264E3E6C00E16DC5 /* Main.storyboard */; };
		F6D53CD8264E3E6D00E16DC5 /* Assets.xcassets in Resources */ = {isa = PBXBuildFile; fileRef = F6D53CD7264E3E6D00E16DC5 /* Assets.xcassets */; };
		F6D53CDB264E3E6D00E16DC5 /* LaunchScreen.storyboard in Resources */ = {isa = PBXBuildFile; fileRef = F6D53CD9264E3E6D00E16DC5 /* LaunchScreen.storyboard */; };
		F6D53CE6264E3E6D00E16DC5 /* CalculatorProjectTests.swift in Sources */ = {isa = PBXBuildFile; fileRef = F6D53CE5264E3E6D00E16DC5 /* CalculatorProjectTests.swift */; };
		F6D53CF1264E3E6D00E16DC5 /* CalculatorProjectUITests.swift in Sources */ = {isa = PBXBuildFile; fileRef = F6D53CF0264E3E6D00E16DC5 /* CalculatorProjectUITests.swift */; };
		F6D53D05264EAA7C00E16DC5 /* CalcMainBackground.swift in Sources */ = {isa = PBXBuildFile; fileRef = F6D53D04264EAA7C00E16DC5 /* CalcMainBackground.swift */; };
/* End PBXBuildFile section */

/* Begin PBXContainerItemProxy section */
		F6D53CE2264E3E6D00E16DC5 /* PBXContainerItemProxy */ = {
			isa = PBXContainerItemProxy;
			containerPortal = F6D53CC3264E3E6C00E16DC5 /* Project object */;
			proxyType = 1;
			remoteGlobalIDString = F6D53CCA264E3E6C00E16DC5;
			remoteInfo = CalculatorProject;
		};
		F6D53CED264E3E6D00E16DC5 /* PBXContainerItemProxy */ = {
			isa = PBXContainerItemProxy;
			containerPortal = F6D53CC3264E3E6C00E16DC5 /* Project object */;
			proxyType = 1;
			remoteGlobalIDString = F6D53CCA264E3E6C00E16DC5;
			remoteInfo = CalculatorProject;
		};
/* End PBXContainerItemProxy section */

/* Begin PBXFileReference section */
		F6D53CCB264E3E6C00E16DC5 /* CalculatorProject.app */ = {isa = PBXFileReference; explicitFileType = wrapper.application; includeInIndex = 0; path = CalculatorProject.app; sourceTree = BUILT_PRODUCTS_DIR; };
		F6D53CCE264E3E6C00E16DC5 /* AppDelegate.swift */ = {isa = PBXFileReference; lastKnownFileType = sourcecode.swift; path = AppDelegate.swift; sourceTree = "<group>"; };
		F6D53CD0264E3E6C00E16DC5 /* SceneDelegate.swift */ = {isa = PBXFileReference; lastKnownFileType = sourcecode.swift; path = SceneDelegate.swift; sourceTree = "<group>"; };
		F6D53CD2264E3E6C00E16DC5 /* ViewController.swift */ = {isa = PBXFileReference; lastKnownFileType = sourcecode.swift; path = ViewController.swift; sourceTree = "<group>"; };
		F6D53CD5264E3E6C00E16DC5 /* Base */ = {isa = PBXFileReference; lastKnownFileType = file.storyboard; name = Base; path = Base.lproj/Main.storyboard; sourceTree = "<group>"; };
		F6D53CD7264E3E6D00E16DC5 /* Assets.xcassets */ = {isa = PBXFileReference; lastKnownFileType = folder.assetcatalog; path = Assets.xcassets; sourceTree = "<group>"; };
		F6D53CDA264E3E6D00E16DC5 /* Base */ = {isa = PBXFileReference; lastKnownFileType = file.storyboard; name = Base; path = Base.lproj/LaunchScreen.storyboard; sourceTree = "<group>"; };
		F6D53CDC264E3E6D00E16DC5 /* Info.plist */ = {isa = PBXFileReference; lastKnownFileType = text.plist.xml; path = Info.plist; sourceTree = "<group>"; };
		F6D53CE1264E3E6D00E16DC5 /* CalculatorProjectTests.xctest */ = {isa = PBXFileReference; explicitFileType = wrapper.cfbundle; includeInIndex = 0; path = CalculatorProjectTests.xctest; sourceTree = BUILT_PRODUCTS_DIR; };
		F6D53CE5264E3E6D00E16DC5 /* CalculatorProjectTests.swift */ = {isa = PBXFileReference; lastKnownFileType = sourcecode.swift; path = CalculatorProjectTests.swift; sourceTree = "<group>"; };
		F6D53CE7264E3E6D00E16DC5 /* Info.plist */ = {isa = PBXFileReference; lastKnownFileType = text.plist.xml; path = Info.plist; sourceTree = "<group>"; };
		F6D53CEC264E3E6D00E16DC5 /* CalculatorProjectUITests.xctest */ = {isa = PBXFileReference; explicitFileType = wrapper.cfbundle; includeInIndex = 0; path = CalculatorProjectUITests.xctest; sourceTree = BUILT_PRODUCTS_DIR; };
		F6D53CF0264E3E6D00E16DC5 /* CalculatorProjectUITests.swift */ = {isa = PBXFileReference; lastKnownFileType = sourcecode.swift; path = CalculatorProjectUITests.swift; sourceTree = "<group>"; };
		F6D53CF2264E3E6D00E16DC5 /* Info.plist */ = {isa = PBXFileReference; lastKnownFileType = text.plist.xml; path = Info.plist; sourceTree = "<group>"; };
		F6D53D04264EAA7C00E16DC5 /* CalcMainBackground.swift */ = {isa = PBXFileReference; lastKnownFileType = sourcecode.swift; path = CalcMainBackground.swift; sourceTree = "<group>"; };
/* End PBXFileReference section */

/* Begin PBXFrameworksBuildPhase section */
		F6D53CC8264E3E6C00E16DC5 /* Frameworks */ = {
			isa = PBXFrameworksBuildPhase;
			buildActionMask = 2147483647;
			files = (
			);
			runOnlyForDeploymentPostprocessing = 0;
		};
		F6D53CDE264E3E6D00E16DC5 /* Frameworks */ = {
			isa = PBXFrameworksBuildPhase;
			buildActionMask = 2147483647;
			files = (
			);
			runOnlyForDeploymentPostprocessing = 0;
		};
		F6D53CE9264E3E6D00E16DC5 /* Frameworks */ = {
			isa = PBXFrameworksBuildPhase;
			buildActionMask = 2147483647;
			files = (
			);
			runOnlyForDeploymentPostprocessing = 0;
		};
/* End PBXFrameworksBuildPhase section */

/* Begin PBXGroup section */
		F6D53CC2264E3E6C00E16DC5 = {
			isa = PBXGroup;
			children = (
				F6D53CCD264E3E6C00E16DC5 /* CalculatorProject */,
				F6D53CE4264E3E6D00E16DC5 /* CalculatorProjectTests */,
				F6D53CEF264E3E6D00E16DC5 /* CalculatorProjectUITests */,
				F6D53CCC264E3E6C00E16DC5 /* Products */,
			);
			sourceTree = "<group>";
		};
		F6D53CCC264E3E6C00E16DC5 /* Products */ = {
			isa = PBXGroup;
			children = (
				F6D53CCB264E3E6C00E16DC5 /* CalculatorProject.app */,
				F6D53CE1264E3E6D00E16DC5 /* CalculatorProjectTests.xctest */,
				F6D53CEC264E3E6D00E16DC5 /* CalculatorProjectUITests.xctest */,
			);
			name = Products;
			sourceTree = "<group>";
		};
		F6D53CCD264E3E6C00E16DC5 /* CalculatorProject */ = {
			isa = PBXGroup;
			children = (
				F6D53D03264EAA2400E16DC5 /* Model */,
				F6D53D02264EAA1B00E16DC5 /* View */,
				F6D53D01264EAA0F00E16DC5 /* Controller */,
				F6D53CCE264E3E6C00E16DC5 /* AppDelegate.swift */,
				F6D53CD0264E3E6C00E16DC5 /* SceneDelegate.swift */,
				F6D53CD4264E3E6C00E16DC5 /* Main.storyboard */,
				F6D53CD7264E3E6D00E16DC5 /* Assets.xcassets */,
				F6D53CD9264E3E6D00E16DC5 /* LaunchScreen.storyboard */,
				F6D53CDC264E3E6D00E16DC5 /* Info.plist */,
			);
			path = CalculatorProject;
			sourceTree = "<group>";
		};
		F6D53CE4264E3E6D00E16DC5 /* CalculatorProjectTests */ = {
			isa = PBXGroup;
			children = (
				F6D53CE5264E3E6D00E16DC5 /* CalculatorProjectTests.swift */,
				F6D53CE7264E3E6D00E16DC5 /* Info.plist */,
			);
			path = CalculatorProjectTests;
			sourceTree = "<group>";
		};
		F6D53CEF264E3E6D00E16DC5 /* CalculatorProjectUITests */ = {
			isa = PBXGroup;
			children = (
				F6D53CF0264E3E6D00E16DC5 /* CalculatorProjectUITests.swift */,
				F6D53CF2264E3E6D00E16DC5 /* Info.plist */,
			);
			path = CalculatorProjectUITests;
			sourceTree = "<group>";
		};
		F6D53D01264EAA0F00E16DC5 /* Controller */ = {
			isa = PBXGroup;
			children = (
				F6D53CD2264E3E6C00E16DC5 /* ViewController.swift */,
			);
			path = Controller;
			sourceTree = "<group>";
		};
		F6D53D02264EAA1B00E16DC5 /* View */ = {
			isa = PBXGroup;
			children = (
				F6D53D04264EAA7C00E16DC5 /* CalcMainBackground.swift */,
			);
			path = View;
			sourceTree = "<group>";
		};
		F6D53D03264EAA2400E16DC5 /* Model */ = {
			isa = PBXGroup;
			children = (
			);
			path = Model;
			sourceTree = "<group>";
		};
/* End PBXGroup section */

/* Begin PBXNativeTarget section */
		F6D53CCA264E3E6C00E16DC5 /* CalculatorProject */ = {
			isa = PBXNativeTarget;
			buildConfigurationList = F6D53CF5264E3E6D00E16DC5 /* Build configuration list for PBXNativeTarget "CalculatorProject" */;
			buildPhases = (
				F6D53CC7264E3E6C00E16DC5 /* Sources */,
				F6D53CC8264E3E6C00E16DC5 /* Frameworks */,
				F6D53CC9264E3E6C00E16DC5 /* Resources */,
			);
			buildRules = (
			);
			dependencies = (
			);
			name = CalculatorProject;
			productName = CalculatorProject;
			productReference = F6D53CCB264E3E6C00E16DC5 /* CalculatorProject.app */;
			productType = "com.apple.product-type.application";
		};
		F6D53CE0264E3E6D00E16DC5 /* CalculatorProjectTests */ = {
			isa = PBXNativeTarget;
			buildConfigurationList = F6D53CF8264E3E6D00E16DC5 /* Build configuration list for PBXNativeTarget "CalculatorProjectTests" */;
			buildPhases = (
				F6D53CDD264E3E6D00E16DC5 /* Sources */,
				F6D53CDE264E3E6D00E16DC5 /* Frameworks */,
				F6D53CDF264E3E6D00E16DC5 /* Resources */,
			);
			buildRules = (
			);
			dependencies = (
				F6D53CE3264E3E6D00E16DC5 /* PBXTargetDependency */,
			);
			name = CalculatorProjectTests;
			productName = CalculatorProjectTests;
			productReference = F6D53CE1264E3E6D00E16DC5 /* CalculatorProjectTests.xctest */;
			productType = "com.apple.product-type.bundle.unit-test";
		};
		F6D53CEB264E3E6D00E16DC5 /* CalculatorProjectUITests */ = {
			isa = PBXNativeTarget;
			buildConfigurationList = F6D53CFB264E3E6D00E16DC5 /* Build configuration list for PBXNativeTarget "CalculatorProjectUITests" */;
			buildPhases = (
				F6D53CE8264E3E6D00E16DC5 /* Sources */,
				F6D53CE9264E3E6D00E16DC5 /* Frameworks */,
				F6D53CEA264E3E6D00E16DC5 /* Resources */,
			);
			buildRules = (
			);
			dependencies = (
				F6D53CEE264E3E6D00E16DC5 /* PBXTargetDependency */,
			);
			name = CalculatorProjectUITests;
			productName = CalculatorProjectUITests;
			productReference = F6D53CEC264E3E6D00E16DC5 /* CalculatorProjectUITests.xctest */;
			productType = "com.apple.product-type.bundle.ui-testing";
		};
/* End PBXNativeTarget section */

/* Begin PBXProject section */
		F6D53CC3264E3E6C00E16DC5 /* Project object */ = {
			isa = PBXProject;
			attributes = {
				LastSwiftUpdateCheck = 1240;
				LastUpgradeCheck = 1240;
				TargetAttributes = {
					F6D53CCA264E3E6C00E16DC5 = {
						CreatedOnToolsVersion = 12.4;
					};
					F6D53CE0264E3E6D00E16DC5 = {
						CreatedOnToolsVersion = 12.4;
						TestTargetID = F6D53CCA264E3E6C00E16DC5;
					};
					F6D53CEB264E3E6D00E16DC5 = {
						CreatedOnToolsVersion = 12.4;
						TestTargetID = F6D53CCA264E3E6C00E16DC5;
					};
				};
			};
			buildConfigurationList = F6D53CC6264E3E6C00E16DC5 /* Build configuration list for PBXProject "CalculatorProject" */;
			compatibilityVersion = "Xcode 9.3";
			developmentRegion = en;
			hasScannedForEncodings = 0;
			knownRegions = (
				en,
				Base,
			);
			mainGroup = F6D53CC2264E3E6C00E16DC5;
			productRefGroup = F6D53CCC264E3E6C00E16DC5 /* Products */;
			projectDirPath = "";
			projectRoot = "";
			targets = (
				F6D53CCA264E3E6C00E16DC5 /* CalculatorProject */,
				F6D53CE0264E3E6D00E16DC5 /* CalculatorProjectTests */,
				F6D53CEB264E3E6D00E16DC5 /* CalculatorProjectUITests */,
			);
		};
/* End PBXProject section */

/* Begin PBXResourcesBuildPhase section */
		F6D53CC9264E3E6C00E16DC5 /* Resources */ = {
			isa = PBXResourcesBuildPhase;
			buildActionMask = 2147483647;
			files = (
				F6D53CDB264E3E6D00E16DC5 /* LaunchScreen.storyboard in Resources */,
				F6D53CD8264E3E6D00E16DC5 /* Assets.xcassets in Resources */,
				F6D53CD6264E3E6C00E16DC5 /* Main.storyboard in Resources */,
			);
			runOnlyForDeploymentPostprocessing = 0;
		};
		F6D53CDF264E3E6D00E16DC5 /* Resources */ = {
			isa = PBXResourcesBuildPhase;
			buildActionMask = 2147483647;
			files = (
			);
			runOnlyForDeploymentPostprocessing = 0;
		};
		F6D53CEA264E3E6D00E16DC5 /* Resources */ = {
			isa = PBXResourcesBuildPhase;
			buildActionMask = 2147483647;
			files = (
			);
			runOnlyForDeploymentPostprocessing = 0;
		};
/* End PBXResourcesBuildPhase section */

/* Begin PBXSourcesBuildPhase section */
		F6D53CC7264E3E6C00E16DC5 /* Sources */ = {
			isa = PBXSourcesBuildPhase;
			buildActionMask = 2147483647;
			files = (
				F6D53CD3264E3E6C00E16DC5 /* ViewController.swift in Sources */,
				F6D53CCF264E3E6C00E16DC5 /* AppDelegate.swift in Sources */,
				F6D53CD1264E3E6C00E16DC5 /* SceneDelegate.swift in Sources */,
				F6D53D05264EAA7C00E16DC5 /* CalcMainBackground.swift in Sources */,
			);
			runOnlyForDeploymentPostprocessing = 0;
		};
		F6D53CDD264E3E6D00E16DC5 /* Sources */ = {
			isa = PBXSourcesBuildPhase;
			buildActionMask = 2147483647;
			files = (
				F6D53CE6264E3E6D00E16DC5 /* CalculatorProjectTests.swift in Sources */,
			);
			runOnlyForDeploymentPostprocessing = 0;
		};
		F6D53CE8264E3E6D00E16DC5 /* Sources */ = {
			isa = PBXSourcesBuildPhase;
			buildActionMask = 2147483647;
			files = (
				F6D53CF1264E3E6D00E16DC5 /* CalculatorProjectUITests.swift in Sources */,
			);
			runOnlyForDeploymentPostprocessing = 0;
		};
/* End PBXSourcesBuildPhase section */

/* Begin PBXTargetDependency section */
		F6D53CE3264E3E6D00E16DC5 /* PBXTargetDependency */ = {
			isa = PBXTargetDependency;
			target = F6D53CCA264E3E6C00E16DC5 /* CalculatorProject */;
			targetProxy = F6D53CE2264E3E6D00E16DC5 /* PBXContainerItemProxy */;
		};
		F6D53CEE264E3E6D00E16DC5 /* PBXTargetDependency */ = {
			isa = PBXTargetDependency;
			target = F6D53CCA264E3E6C00E16DC5 /* CalculatorProject */;
			targetProxy = F6D53CED264E3E6D00E16DC5 /* PBXContainerItemProxy */;
		};
/* End PBXTargetDependency section */

/* Begin PBXVariantGroup section */
		F6D53CD4264E3E6C00E16DC5 /* Main.storyboard */ = {
			isa = PBXVariantGroup;
			children = (
				F6D53CD5264E3E6C00E16DC5 /* Base */,
			);
			name = Main.storyboard;
			sourceTree = "<group>";
		};
		F6D53CD9264E3E6D00E16DC5 /* LaunchScreen.storyboard */ = {
			isa = PBXVariantGroup;
			children = (
				F6D53CDA264E3E6D00E16DC5 /* Base */,
			);
			name = LaunchScreen.storyboard;
			sourceTree = "<group>";
		};
/* End PBXVariantGroup section */

/* Begin XCBuildConfiguration section */
		F6D53CF3264E3E6D00E16DC5 /* Debug */ = {
			isa = XCBuildConfiguration;
			buildSettings = {
				ALWAYS_SEARCH_USER_PATHS = NO;
				CLANG_ANALYZER_NONNULL = YES;
				CLANG_ANALYZER_NUMBER_OBJECT_CONVERSION = YES_AGGRESSIVE;
				CLANG_CXX_LANGUAGE_STANDARD = "gnu++14";
				CLANG_CXX_LIBRARY = "libc++";
				CLANG_ENABLE_MODULES = YES;
				CLANG_ENABLE_OBJC_ARC = YES;
				CLANG_ENABLE_OBJC_WEAK = YES;
				CLANG_WARN_BLOCK_CAPTURE_AUTORELEASING = YES;
				CLANG_WARN_BOOL_CONVERSION = YES;
				CLANG_WARN_COMMA = YES;
				CLANG_WARN_CONSTANT_CONVERSION = YES;
				CLANG_WARN_DEPRECATED_OBJC_IMPLEMENTATIONS = YES;
				CLANG_WARN_DIRECT_OBJC_ISA_USAGE = YES_ERROR;
				CLANG_WARN_DOCUMENTATION_COMMENTS = YES;
				CLANG_WARN_EMPTY_BODY = YES;
				CLANG_WARN_ENUM_CONVERSION = YES;
				CLANG_WARN_INFINITE_RECURSION = YES;
				CLANG_WARN_INT_CONVERSION = YES;
				CLANG_WARN_NON_LITERAL_NULL_CONVERSION = YES;
				CLANG_WARN_OBJC_IMPLICIT_RETAIN_SELF = YES;
				CLANG_WARN_OBJC_LITERAL_CONVERSION = YES;
				CLANG_WARN_OBJC_ROOT_CLASS = YES_ERROR;
				CLANG_WARN_QUOTED_INCLUDE_IN_FRAMEWORK_HEADER = YES;
				CLANG_WARN_RANGE_LOOP_ANALYSIS = YES;
				CLANG_WARN_STRICT_PROTOTYPES = YES;
				CLANG_WARN_SUSPICIOUS_MOVE = YES;
				CLANG_WARN_UNGUARDED_AVAILABILITY = YES_AGGRESSIVE;
				CLANG_WARN_UNREACHABLE_CODE = YES;
				CLANG_WARN__DUPLICATE_METHOD_MATCH = YES;
				COPY_PHASE_STRIP = NO;
				DEBUG_INFORMATION_FORMAT = dwarf;
				ENABLE_STRICT_OBJC_MSGSEND = YES;
				ENABLE_TESTABILITY = YES;
				GCC_C_LANGUAGE_STANDARD = gnu11;
				GCC_DYNAMIC_NO_PIC = NO;
				GCC_NO_COMMON_BLOCKS = YES;
				GCC_OPTIMIZATION_LEVEL = 0;
				GCC_PREPROCESSOR_DEFINITIONS = (
					"DEBUG=1",
					"$(inherited)",
				);
				GCC_WARN_64_TO_32_BIT_CONVERSION = YES;
				GCC_WARN_ABOUT_RETURN_TYPE = YES_ERROR;
				GCC_WARN_UNDECLARED_SELECTOR = YES;
				GCC_WARN_UNINITIALIZED_AUTOS = YES_AGGRESSIVE;
				GCC_WARN_UNUSED_FUNCTION = YES;
				GCC_WARN_UNUSED_VARIABLE = YES;
				IPHONEOS_DEPLOYMENT_TARGET = 14.4;
				MTL_ENABLE_DEBUG_INFO = INCLUDE_SOURCE;
				MTL_FAST_MATH = YES;
				ONLY_ACTIVE_ARCH = YES;
				SDKROOT = iphoneos;
				SWIFT_ACTIVE_COMPILATION_CONDITIONS = DEBUG;
				SWIFT_OPTIMIZATION_LEVEL = "-Onone";
			};
			name = Debug;
		};
		F6D53CF4264E3E6D00E16DC5 /* Release */ = {
			isa = XCBuildConfiguration;
			buildSettings = {
				ALWAYS_SEARCH_USER_PATHS = NO;
				CLANG_ANALYZER_NONNULL = YES;
				CLANG_ANALYZER_NUMBER_OBJECT_CONVERSION = YES_AGGRESSIVE;
				CLANG_CXX_LANGUAGE_STANDARD = "gnu++14";
				CLANG_CXX_LIBRARY = "libc++";
				CLANG_ENABLE_MODULES = YES;
				CLANG_ENABLE_OBJC_ARC = YES;
				CLANG_ENABLE_OBJC_WEAK = YES;
				CLANG_WARN_BLOCK_CAPTURE_AUTORELEASING = YES;
				CLANG_WARN_BOOL_CONVERSION = YES;
				CLANG_WARN_COMMA = YES;
				CLANG_WARN_CONSTANT_CONVERSION = YES;
				CLANG_WARN_DEPRECATED_OBJC_IMPLEMENTATIONS = YES;
				CLANG_WARN_DIRECT_OBJC_ISA_USAGE = YES_ERROR;
				CLANG_WARN_DOCUMENTATION_COMMENTS = YES;
				CLANG_WARN_EMPTY_BODY = YES;
				CLANG_WARN_ENUM_CONVERSION = YES;
				CLANG_WARN_INFINITE_RECURSION = YES;
				CLANG_WARN_INT_CONVERSION = YES;
				CLANG_WARN_NON_LITERAL_NULL_CONVERSION = YES;
				CLANG_WARN_OBJC_IMPLICIT_RETAIN_SELF = YES;
				CLANG_WARN_OBJC_LITERAL_CONVERSION = YES;
				CLANG_WARN_OBJC_ROOT_CLASS = YES_ERROR;
				CLANG_WARN_QUOTED_INCLUDE_IN_FRAMEWORK_HEADER = YES;
				CLANG_WARN_RANGE_LOOP_ANALYSIS = YES;
				CLANG_WARN_STRICT_PROTOTYPES = YES;
				CLANG_WARN_SUSPICIOUS_MOVE = YES;
				CLANG_WARN_UNGUARDED_AVAILABILITY = YES_AGGRESSIVE;
				CLANG_WARN_UNREACHABLE_CODE = YES;
				CLANG_WARN__DUPLICATE_METHOD_MATCH = YES;
				COPY_PHASE_STRIP = NO;
				DEBUG_INFORMATION_FORMAT = "dwarf-with-dsym";
				ENABLE_NS_ASSERTIONS = NO;
				ENABLE_STRICT_OBJC_MSGSEND = YES;
				GCC_C_LANGUAGE_STANDARD = gnu11;
				GCC_NO_COMMON_BLOCKS = YES;
				GCC_WARN_64_TO_32_BIT_CONVERSION = YES;
				GCC_WARN_ABOUT_RETURN_TYPE = YES_ERROR;
				GCC_WARN_UNDECLARED_SELECTOR = YES;
				GCC_WARN_UNINITIALIZED_AUTOS = YES_AGGRESSIVE;
				GCC_WARN_UNUSED_FUNCTION = YES;
				GCC_WARN_UNUSED_VARIABLE = YES;
				IPHONEOS_DEPLOYMENT_TARGET = 14.4;
				MTL_ENABLE_DEBUG_INFO = NO;
				MTL_FAST_MATH = YES;
				SDKROOT = iphoneos;
				SWIFT_COMPILATION_MODE = wholemodule;
				SWIFT_OPTIMIZATION_LEVEL = "-O";
				VALIDATE_PRODUCT = YES;
			};
			name = Release;
		};
		F6D53CF6264E3E6D00E16DC5 /* Debug */ = {
			isa = XCBuildConfiguration;
			buildSettings = {
				ASSETCATALOG_COMPILER_APPICON_NAME = AppIcon;
				ASSETCATALOG_COMPILER_GLOBAL_ACCENT_COLOR_NAME = AccentColor;
				CODE_SIGN_STYLE = Automatic;
				DEVELOPMENT_TEAM = 8LYTF5ZZWZ;
				INFOPLIST_FILE = CalculatorProject/Info.plist;
				LD_RUNPATH_SEARCH_PATHS = (
					"$(inherited)",
					"@executable_path/Frameworks",
				);
				PRODUCT_BUNDLE_IDENTIFIER = com.bhico.CalculatorProject;
				PRODUCT_NAME = "$(TARGET_NAME)";
				SWIFT_VERSION = 5.0;
				TARGETED_DEVICE_FAMILY = "1,2";
			};
			name = Debug;
		};
		F6D53CF7264E3E6D00E16DC5 /* Release */ = {
			isa = XCBuildConfiguration;
			buildSettings = {
				ASSETCATALOG_COMPILER_APPICON_NAME = AppIcon;
				ASSETCATALOG_COMPILER_GLOBAL_ACCENT_COLOR_NAME = AccentColor;
				CODE_SIGN_STYLE = Automatic;
				DEVELOPMENT_TEAM = 8LYTF5ZZWZ;
				INFOPLIST_FILE = CalculatorProject/Info.plist;
				LD_RUNPATH_SEARCH_PATHS = (
					"$(inherited)",
					"@executable_path/Frameworks",
				);
				PRODUCT_BUNDLE_IDENTIFIER = com.bhico.CalculatorProject;
				PRODUCT_NAME = "$(TARGET_NAME)";
				SWIFT_VERSION = 5.0;
				TARGETED_DEVICE_FAMILY = "1,2";
			};
			name = Release;
		};
		F6D53CF9264E3E6D00E16DC5 /* Debug */ = {
			isa = XCBuildConfiguration;
			buildSettings = {
				ALWAYS_EMBED_SWIFT_STANDARD_LIBRARIES = YES;
				BUNDLE_LOADER = "$(TEST_HOST)";
				CODE_SIGN_STYLE = Automatic;
				DEVELOPMENT_TEAM = 8LYTF5ZZWZ;
				INFOPLIST_FILE = CalculatorProjectTests/Info.plist;
				IPHONEOS_DEPLOYMENT_TARGET = 14.4;
				LD_RUNPATH_SEARCH_PATHS = (
					"$(inherited)",
					"@executable_path/Frameworks",
					"@loader_path/Frameworks",
				);
				PRODUCT_BUNDLE_IDENTIFIER = com.bhico.CalculatorProjectTests;
				PRODUCT_NAME = "$(TARGET_NAME)";
				SWIFT_VERSION = 5.0;
				TARGETED_DEVICE_FAMILY = "1,2";
				TEST_HOST = "$(BUILT_PRODUCTS_DIR)/CalculatorProject.app/CalculatorProject";
			};
			name = Debug;
		};
		F6D53CFA264E3E6D00E16DC5 /* Release */ = {
			isa = XCBuildConfiguration;
			buildSettings = {
				ALWAYS_EMBED_SWIFT_STANDARD_LIBRARIES = YES;
				BUNDLE_LOADER = "$(TEST_HOST)";
				CODE_SIGN_STYLE = Automatic;
				DEVELOPMENT_TEAM = 8LYTF5ZZWZ;
				INFOPLIST_FILE = CalculatorProjectTests/Info.plist;
				IPHONEOS_DEPLOYMENT_TARGET = 14.4;
				LD_RUNPATH_SEARCH_PATHS = (
					"$(inherited)",
					"@executable_path/Frameworks",
					"@loader_path/Frameworks",
				);
				PRODUCT_BUNDLE_IDENTIFIER = com.bhico.CalculatorProjectTests;
				PRODUCT_NAME = "$(TARGET_NAME)";
				SWIFT_VERSION = 5.0;
				TARGETED_DEVICE_FAMILY = "1,2";
				TEST_HOST = "$(BUILT_PRODUCTS_DIR)/CalculatorProject.app/CalculatorProject";
			};
			name = Release;
		};
		F6D53CFC264E3E6D00E16DC5 /* Debug */ = {
			isa = XCBuildConfiguration;
			buildSettings = {
				ALWAYS_EMBED_SWIFT_STANDARD_LIBRARIES = YES;
				CODE_SIGN_STYLE = Automatic;
				DEVELOPMENT_TEAM = 8LYTF5ZZWZ;
				INFOPLIST_FILE = CalculatorProjectUITests/Info.plist;
				LD_RUNPATH_SEARCH_PATHS = (
					"$(inherited)",
					"@executable_path/Frameworks",
					"@loader_path/Frameworks",
				);
				PRODUCT_BUNDLE_IDENTIFIER = com.bhico.CalculatorProjectUITests;
				PRODUCT_NAME = "$(TARGET_NAME)";
				SWIFT_VERSION = 5.0;
				TARGETED_DEVICE_FAMILY = "1,2";
				TEST_TARGET_NAME = CalculatorProject;
			};
			name = Debug;
		};
		F6D53CFD264E3E6D00E16DC5 /* Release */ = {
			isa = XCBuildConfiguration;
			buildSettings = {
				ALWAYS_EMBED_SWIFT_STANDARD_LIBRARIES = YES;
				CODE_SIGN_STYLE = Automatic;
				DEVELOPMENT_TEAM = 8LYTF5ZZWZ;
				INFOPLIST_FILE = CalculatorProjectUITests/Info.plist;
				LD_RUNPATH_SEARCH_PATHS = (
					"$(inherited)",
					"@executable_path/Frameworks",
					"@loader_path/Frameworks",
				);
				PRODUCT_BUNDLE_IDENTIFIER = com.bhico.CalculatorProjectUITests;
				PRODUCT_NAME = "$(TARGET_NAME)";
				SWIFT_VERSION = 5.0;
				TARGETED_DEVICE_FAMILY = "1,2";
				TEST_TARGET_NAME = CalculatorProject;
			};
			name = Release;
		};
/* End XCBuildConfiguration section */

/* Begin XCConfigurationList section */
		F6D53CC6264E3E6C00E16DC5 /* Build configuration list for PBXProject "CalculatorProject" */ = {
			isa = XCConfigurationList;
			buildConfigurations = (
				F6D53CF3264E3E6D00E16DC5 /* Debug */,
				F6D53CF4264E3E6D00E16DC5 /* Release */,
			);
			defaultConfigurationIsVisible = 0;
			defaultConfigurationName = Release;
		};
		F6D53CF5264E3E6D00E16DC5 /* Build configuration list for PBXNativeTarget "CalculatorProject" */ = {
			isa = XCConfigurationList;
			buildConfigurations = (
				F6D53CF6264E3E6D00E16DC5 /* Debug */,
				F6D53CF7264E3E6D00E16DC5 /* Release */,
			);
			defaultConfigurationIsVisible = 0;
			defaultConfigurationName = Release;
		};
		F6D53CF8264E3E6D00E16DC5 /* Build configuration list for PBXNativeTarget "CalculatorProjectTests" */ = {
			isa = XCConfigurationList;
			buildConfigurations = (
				F6D53CF9264E3E6D00E16DC5 /* Debug */,
				F6D53CFA264E3E6D00E16DC5 /* Release */,
			);
			defaultConfigurationIsVisible = 0;
			defaultConfigurationName = Release;
		};
		F6D53CFB264E3E6D00E16DC5 /* Build configuration list for PBXNativeTarget "CalculatorProjectUITests" */ = {
			isa = XCConfigurationList;
			buildConfigurations = (
				F6D53CFC264E3E6D00E16DC5 /* Debug */,
				F6D53CFD264E3E6D00E16DC5 /* Release */,
			);
			defaultConfigurationIsVisible = 0;
			defaultConfigurationName = Release;
		};
/* End XCConfigurationList section */
	};
	rootObject = F6D53CC3264E3E6C00E16DC5 /* Project object */;
}
